{
  "pins" : [
    {
      "identity" : "lottie-spm",
      "kind" : "remoteSourceControl",
      "location" : "https://github.com/airbnb/lottie-spm",
      "state" : {
        "revision" : "2ae19d3c4f1603b45e551e6bebf02f523ca22a2e",
        "version" : "4.3.0"
      }
    },
    {
      "identity" : "sentry-cocoa",
      "kind" : "remoteSourceControl",
      "location" : "https://github.com/getsentry/sentry-cocoa",
      "state" : {
        "revision" : "14aa6e47b03b820fd2b338728637570b9e969994",
        "version" : "8.12.0"
      }
    }
  ],
  "version" : 2
}
